{
  "originHash" : "e1a574250236c05e93360ab3a844fc190d41c54494088d3560b9bd8b0d93f5e7",
  "pins" : [
    {
      "identity" : "capacitor-swift-pm",
      "kind" : "remoteSourceControl",
      "location" : "https://github.com/ionic-team/capacitor-swift-pm.git",
      "state" : {
        "revision" : "6a2a3feb25fda8df2a284d0818bc9c83e57a7d56",
        "version" : "8.3.0"
      }
    }
  ],
  "version" : 3
}
